
Microsoft Visual Studio Solution File, Format Version 12.00
Project("{FAE04EC0-301F-11D3-BF4B-00C04F79EFBC}") = "ConsoleScraper", "ConsoleScraper\ConsoleScraper.csproj", "{DC5BDF83-AD44-45F7-BBF8-6BC59F2AA8BA}"
EndProject
Global
	GlobalSection(SolutionConfigurationPlatforms) = preSolution
		Debug|Any CPU = Debug|Any CPU
		Release|Any CPU = Release|Any CPU
	EndGlobalSection
	GlobalSection(ProjectConfigurationPlatforms) = postSolution
		{DC5BDF83-AD44-45F7-BBF8-6BC59F2AA8BA}.Debug|Any CPU.ActiveCfg = Debug|Any CPU
		{DC5BDF83-AD44-45F7-BBF8-6BC59F2AA8BA}.Debug|Any CPU.Build.0 = Debug|Any CPU
		{DC5BDF83-AD44-45F7-BBF8-6BC59F2AA8BA}.Release|Any CPU.ActiveCfg = Release|Any CPU
		{DC5BDF83-AD44-45F7-BBF8-6BC59F2AA8BA}.Release|Any CPU.Build.0 = Release|Any CPU
	EndGlobalSection
EndGlobal
